
Microsoft Visual Studio Solution File, Format Version 12.00
# Visual Studio Version 16
VisualStudioVersion = 16.0.31112.23
MinimumVisualStudioVersion = 10.0.40219.1
Project("{FAE04EC0-301F-11D3-BF4B-00C04F79EFBC}") = "Ledger.UWP", "Ledger\Ledger.UWP\Ledger.UWP.csproj", "{EFA83AB0-4901-4EC3-9900-1700D78B4101}"
EndProject
Project("{FAE04EC0-301F-11D3-BF4B-00C04F79EFBC}") = "Ledger.Android", "Ledger\Ledger.Android\Ledger.Android.csproj", "{EC1197C0-B4CA-4010-AC31-25950F7FFB46}"
EndProject
Project("{FAE04EC0-301F-11D3-BF4B-00C04F79EFBC}") = "Ledger.iOS", "Ledger\Ledger.iOS\Ledger.iOS.csproj", "{9201D6E3-89B2-43ED-BAE4-DDC65E46D192}"
EndProject
Project("{FAE04EC0-301F-11D3-BF4B-00C04F79EFBC}") = "Ledger", "Ledger\Ledger\Ledger.csproj", "{320C890D-E198-42BE-94CA-5428DC71C0B7}"
EndProject
Global
	GlobalSection(SolutionConfigurationPlatforms) = preSolution
		Debug|Any CPU = Debug|Any CPU
		Debug|ARM = Debug|ARM
		Debug|iPhone = Debug|iPhone
		Debug|iPhoneSimulator = Debug|iPhoneSimulator
		Debug|x64 = Debug|x64
		Debug|x86 = Debug|x86
		Release|Any CPU = Release|Any CPU
		Release|ARM = Release|ARM
		Release|iPhone = Release|iPhone
		Release|iPhoneSimulator = Release|iPhoneSimulator
		Release|x64 = Release|x64
		Release|x86 = Release|x86
	EndGlobalSection
	GlobalSection(ProjectConfigurationPlatforms) = postSolution
		{EFA83AB0-4901-4EC3-9900-1700D78B4101}.Debug|Any CPU.ActiveCfg = Debug|x86
		{EFA83AB0-4901-4EC3-9900-1700D78B4101}.Debug|Any CPU.Build.0 = Debug|x86
		{EFA83AB0-4901-4EC3-9900-1700D78B4101}.Debug|Any CPU.Deploy.0 = Debug|x86
		{EFA83AB0-4901-4EC3-9900-1700D78B4101}.Debug|ARM.ActiveCfg = Debug|ARM
		{EFA83AB0-4901-4EC3-9900-1700D78B4101}.Debug|ARM.Build.0 = Debug|ARM
		{EFA83AB0-4901-4EC3-9900-1700D78B4101}.Debug|ARM.Deploy.0 = Debug|ARM
		{EFA83AB0-4901-4EC3-9900-1700D78B4101}.Debug|iPhone.ActiveCfg = Debug|x86
		{EFA83AB0-4901-4EC3-9900-1700D78B4101}.Debug|iPhone.Build.0 = Debug|x86
		{EFA83AB0-4901-4EC3-9900-1700D78B4101}.Debug|iPhone.Deploy.0 = Debug|x86
		{EFA83AB0-4901-4EC3-9900-1700D78B4101}.Debug|iPhoneSimulator.ActiveCfg = Debug|x86
		{EFA83AB0-4901-4EC3-9900-1700D78B4101}.Debug|iPhoneSimulator.Build.0 = Debug|x86
		{EFA83AB0-4901-4EC3-9900-1700D78B4101}.Debug|iPhoneSimulator.Deploy.0 = Debug|x86
		{EFA83AB0-4901-4EC3-9900-1700D78B4101}.Debug|x64.ActiveCfg = Debug|x64
		{EFA83AB0-4901-4EC3-9900-1700D78B4101}.Debug|x64.Build.0 = Debug|x64
		{EFA83AB0-4901-4EC3-9900-1700D78B4101}.Debug|x64.Deploy.0 = Debug|x64
		{EFA83AB0-4901-4EC3-9900-1700D78B4101}.Debug|x86.ActiveCfg = Debug|x86
		{EFA83AB0-4901-4EC3-9900-1700D78B4101}.Debug|x86.Build.0 = Debug|x86
		{EFA83AB0-4901-4EC3-9900-1700D78B4101}.Debug|x86.Deploy.0 = Debug|x86
		{EFA83AB0-4901-4EC3-9900-1700D78B4101}.Release|Any CPU.ActiveCfg = Release|x86
		{EFA83AB0-4901-4EC3-9900-1700D78B4101}.Release|Any CPU.Build.0 = Release|x86
		{EFA83AB0-4901-4EC3-9900-1700D78B4101}.Release|Any CPU.Deploy.0 = Release|x86
		{EFA83AB0-4901-4EC3-9900-1700D78B4101}.Release|ARM.ActiveCfg = Release|ARM
		{EFA83AB0-4901-4EC3-9900-1700D78B4101}.Release|ARM.Build.0 = Release|ARM
		{EFA83AB0-4901-4EC3-9900-1700D78B4101}.Release|ARM.Deploy.0 = Release|ARM
		{EFA83AB0-4901-4EC3-9900-1700D78B4101}.Release|iPhone.ActiveCfg = Release|x86
		{EFA83AB0-4901-4EC3-9900-1700D78B4101}.Release|iPhone.Build.0 = Release|x86
		{EFA83AB0-4901-4EC3-9900-1700D78B4101}.Release|iPhone.Deploy.0 = Release|x86
		{EFA83AB0-4901-4EC3-9900-1700D78B4101}.Release|iPhoneSimulator.ActiveCfg = Release|x86
		{EFA83AB0-4901-4EC3-9900-1700D78B4101}.Release|iPhoneSimulator.Build.0 = Release|x86
		{EFA83AB0-4901-4EC3-9900-1700D78B4101}.Release|iPhoneSimulator.Deploy.0 = Release|x86
		{EFA83AB0-4901-4EC3-9900-1700D78B4101}.Release|x64.ActiveCfg = Release|x64
		{EFA83AB0-4901-4EC3-9900-1700D78B4101}.Release|x64.Build.0 = Release|x64
		{EFA83AB0-4901-4EC3-9900-1700D78B4101}.Release|x64.Deploy.0 = Release|x64
		{EFA83AB0-4901-4EC3-9900-1700D78B4101}.Release|x86.ActiveCfg = Release|x86
		{EFA83AB0-4901-4EC3-9900-1700D78B4101}.Release|x86.Build.0 = Release|x86
		{EFA83AB0-4901-4EC3-9900-1700D78B4101}.Release|x86.Deploy.0 = Release|x86
		{EC1197C0-B4CA-4010-AC31-25950F7FFB46}.Debug|Any CPU.ActiveCfg = Debug|Any CPU
		{EC1197C0-B4CA-4010-AC31-25950F7FFB46}.Debug|Any CPU.Build.0 = Debug|Any CPU
		{EC1197C0-B4CA-4010-AC31-25950F7FFB46}.Debug|Any CPU.Deploy.0 = Debug|Any CPU
		{EC1197C0-B4CA-4010-AC31-25950F7FFB46}.Debug|ARM.ActiveCfg = Debug|Any CPU
		{EC1197C0-B4CA-4010-AC31-25950F7FFB46}.Debug|ARM.Build.0 = Debug|Any CPU
		{EC1197C0-B4CA-4010-AC31-25950F7FFB46}.Debug|ARM.Deploy.0 = Debug|Any CPU
		{EC1197C0-B4CA-4010-AC31-25950F7FFB46}.Debug|iPhone.ActiveCfg = Debug|Any CPU
		{EC1197C0-B4CA-4010-AC31-25950F7FFB46}.Debug|iPhone.Build.0 = Debug|Any CPU
		{EC1197C0-B4CA-4010-AC31-25950F7FFB46}.Debug|iPhone.Deploy.0 = Debug|Any CPU
		{EC1197C0-B4CA-4010-AC31-25950F7FFB46}.Debug|iPhoneSimulator.ActiveCfg = Debug|Any CPU
		{EC1197C0-B4CA-4010-AC31-25950F7FFB46}.Debug|iPhoneSimulator.Build.0 = Debug|Any CPU
		{EC1197C0-B4CA-4010-AC31-25950F7FFB46}.Debug|iPhoneSimulator.Deploy.0 = Debug|Any CPU
		{EC1197C0-B4CA-4010-AC31-25950F7FFB46}.Debug|x64.ActiveCfg = Debug|Any CPU
		{EC1197C0-B4CA-4010-AC31-25950F7FFB46}.Debug|x64.Build.0 = Debug|Any CPU
		{EC1197C0-B4CA-4010-AC31-25950F7FFB46}.Debug|x64.Deploy.0 = Debug|Any CPU
		{EC1197C0-B4CA-4010-AC31-25950F7FFB46}.Debug|x86.ActiveCfg = Debug|Any CPU
		{EC1197C0-B4CA-4010-AC31-25950F7FFB46}.Debug|x86.Build.0 = Debug|Any CPU
		{EC1197C0-B4CA-4010-AC31-25950F7FFB46}.Debug|x86.Deploy.0 = Debug|Any CPU
		{EC1197C0-B4CA-4010-AC31-25950F7FFB46}.Release|Any CPU.ActiveCfg = Release|Any CPU
		{EC1197C0-B4CA-4010-AC31-25950F7FFB46}.Release|Any CPU.Build.0 = Release|Any CPU
		{EC1197C0-B4CA-4010-AC31-25950F7FFB46}.Release|Any CPU.Deploy.0 = Release|Any CPU
		{EC1197C0-B4CA-4010-AC31-25950F7FFB46}.Release|ARM.ActiveCfg = Release|Any CPU
		{EC1197C0-B4CA-4010-AC31-25950F7FFB46}.Release|ARM.Build.0 = Release|Any CPU
		{EC1197C0-B4CA-4010-AC31-25950F7FFB46}.Release|ARM.Deploy.0 = Release|Any CPU
		{EC1197C0-B4CA-4010-AC31-25950F7FFB46}.Release|iPhone.ActiveCfg = Release|Any CPU
		{EC1197C0-B4CA-4010-AC31-25950F7FFB46}.Release|iPhone.Build.0 = Release|Any CPU
		{EC1197C0-B4CA-4010-AC31-25950F7FFB46}.Release|iPhone.Deploy.0 = Release|Any CPU
		{EC1197C0-B4CA-4010-AC31-25950F7FFB46}.Release|iPhoneSimulator.ActiveCfg = Release|Any CPU
		{EC1197C0-B4CA-4010-AC31-25950F7FFB46}.Release|iPhoneSimulator.Build.0 = Release|Any CPU
		{EC1197C0-B4CA-4010-AC31-25950F7FFB46}.Release|iPhoneSimulator.Deploy.0 = Release|Any CPU
		{EC1197C0-B4CA-4010-AC31-25950F7FFB46}.Release|x64.ActiveCfg = Release|Any CPU
		{EC1197C0-B4CA-4010-AC31-25950F7FFB46}.Release|x64.Build.0 = Release|Any CPU
		{EC1197C0-B4CA-4010-AC31-25950F7FFB46}.Release|x64.Deploy.0 = Release|Any CPU
		{EC1197C0-B4CA-4010-AC31-25950F7FFB46}.Release|x86.ActiveCfg = Release|Any CPU
		{EC1197C0-B4CA-4010-AC31-25950F7FFB46}.Release|x86.Build.0 = Release|Any CPU
		{EC1197C0-B4CA-4010-AC31-25950F7FFB46}.Release|x86.Deploy.0 = Release|Any CPU
		{9201D6E3-89B2-43ED-BAE4-DDC65E46D192}.Debug|Any CPU.ActiveCfg = Debug|iPhoneSimulator
		{9201D6E3-89B2-43ED-BAE4-DDC65E46D192}.Debug|Any CPU.Build.0 = Debug|iPhoneSimulator
		{9201D6E3-89B2-43ED-BAE4-DDC65E46D192}.Debug|Any CPU.Deploy.0 = Debug|iPhoneSimulator
		{9201D6E3-89B2-43ED-BAE4-DDC65E46D192}.Debug|ARM.ActiveCfg = Debug|iPhone
		{9201D6E3-89B2-43ED-BAE4-DDC65E46D192}.Debug|ARM.Build.0 = Debug|iPhone
		{9201D6E3-89B2-43ED-BAE4-DDC65E46D192}.Debug|ARM.Deploy.0 = Debug|iPhone
		{9201D6E3-89B2-43ED-BAE4-DDC65E46D192}.Debug|iPhone.ActiveCfg = Debug|iPhone
		{9201D6E3-89B2-43ED-BAE4-DDC65E46D192}.Debug|iPhone.Build.0 = Debug|iPhone
		{9201D6E3-89B2-43ED-BAE4-DDC65E46D192}.Debug|iPhone.Deploy.0 = Debug|iPhone
		{9201D6E3-89B2-43ED-BAE4-DDC65E46D192}.Debug|iPhoneSimulator.ActiveCfg = Debug|iPhoneSimulator
		{9201D6E3-89B2-43ED-BAE4-DDC65E46D192}.Debug|iPhoneSimulator.Build.0 = Debug|iPhoneSimulator
		{9201D6E3-89B2-43ED-BAE4-DDC65E46D192}.Debug|iPhoneSimulator.Deploy.0 = Debug|iPhoneSimulator
		{9201D6E3-89B2-43ED-BAE4-DDC65E46D192}.Debug|x64.ActiveCfg = Debug|iPhoneSimulator
		{9201D6E3-89B2-43ED-BAE4-DDC65E46D192}.Debug|x64.Build.0 = Debug|iPhoneSimulator
		{9201D6E3-89B2-43ED-BAE4-DDC65E46D192}.Debug|x64.Deploy.0 = Debug|iPhoneSimulator
		{9201D6E3-89B2-43ED-BAE4-DDC65E46D192}.Debug|x86.ActiveCfg = Debug|iPhoneSimulator
		{9201D6E3-89B2-43ED-BAE4-DDC65E46D192}.Debug|x86.Build.0 = Debug|iPhoneSimulator
		{9201D6E3-89B2-43ED-BAE4-DDC65E46D192}.Debug|x86.Deploy.0 = Debug|iPhoneSimulator
		{9201D6E3-89B2-43ED-BAE4-DDC65E46D192}.Release|Any CPU.ActiveCfg = Release|iPhoneSimulator
		{9201D6E3-89B2-43ED-BAE4-DDC65E46D192}.Release|Any CPU.Build.0 = Release|iPhoneSimulator
		{9201D6E3-89B2-43ED-BAE4-DDC65E46D192}.Release|Any CPU.Deploy.0 = Release|iPhoneSimulator
		{9201D6E3-89B2-43ED-BAE4-DDC65E46D192}.Release|ARM.ActiveCfg = Release|iPhoneSimulator
		{9201D6E3-89B2-43ED-BAE4-DDC65E46D192}.Release|ARM.Build.0 = Release|iPhoneSimulator
		{9201D6E3-89B2-43ED-BAE4-DDC65E46D192}.Release|ARM.Deploy.0 = Release|iPhoneSimulator
		{9201D6E3-89B2-43ED-BAE4-DDC65E46D192}.Release|iPhone.ActiveCfg = Release|iPhone
		{9201D6E3-89B2-43ED-BAE4-DDC65E46D192}.Release|iPhone.Build.0 = Release|iPhone
		{9201D6E3-89B2-43ED-BAE4-DDC65E46D192}.Release|iPhone.Deploy.0 = Release|iPhone
		{9201D6E3-89B2-43ED-BAE4-DDC65E46D192}.Release|iPhoneSimulator.ActiveCfg = Release|iPhoneSimulator
		{9201D6E3-89B2-43ED-BAE4-DDC65E46D192}.Release|iPhoneSimulator.Build.0 = Release|iPhoneSimulator
		{9201D6E3-89B2-43ED-BAE4-DDC65E46D192}.Release|iPhoneSimulator.Deploy.0 = Release|iPhoneSimulator
		{9201D6E3-89B2-43ED-BAE4-DDC65E46D192}.Release|x64.ActiveCfg = Release|iPhoneSimulator
		{9201D6E3-89B2-43ED-BAE4-DDC65E46D192}.Release|x64.Build.0 = Release|iPhoneSimulator
		{9201D6E3-89B2-43ED-BAE4-DDC65E46D192}.Release|x64.Deploy.0 = Release|iPhoneSimulator
		{9201D6E3-89B2-43ED-BAE4-DDC65E46D192}.Release|x86.ActiveCfg = Release|iPhoneSimulator
		{9201D6E3-89B2-43ED-BAE4-DDC65E46D192}.Release|x86.Build.0 = Release|iPhoneSimulator
		{9201D6E3-89B2-43ED-BAE4-DDC65E46D192}.Release|x86.Deploy.0 = Release|iPhoneSimulator
		{320C890D-E198-42BE-94CA-5428DC71C0B7}.Debug|Any CPU.ActiveCfg = Debug|Any CPU
		{320C890D-E198-42BE-94CA-5428DC71C0B7}.Debug|Any CPU.Build.0 = Debug|Any CPU
		{320C890D-E198-42BE-94CA-5428DC71C0B7}.Debug|Any CPU.Deploy.0 = Debug|Any CPU
		{320C890D-E198-42BE-94CA-5428DC71C0B7}.Debug|ARM.ActiveCfg = Debug|Any CPU
		{320C890D-E198-42BE-94CA-5428DC71C0B7}.Debug|ARM.Build.0 = Debug|Any CPU
		{320C890D-E198-42BE-94CA-5428DC71C0B7}.Debug|ARM.Deploy.0 = Debug|Any CPU
		{320C890D-E198-42BE-94CA-5428DC71C0B7}.Debug|iPhone.ActiveCfg = Debug|Any CPU
		{320C890D-E198-42BE-94CA-5428DC71C0B7}.Debug|iPhone.Build.0 = Debug|Any CPU
		{320C890D-E198-42BE-94CA-5428DC71C0B7}.Debug|iPhone.Deploy.0 = Debug|Any CPU
		{320C890D-E198-42BE-94CA-5428DC71C0B7}.Debug|iPhoneSimulator.ActiveCfg = Debug|Any CPU
		{320C890D-E198-42BE-94CA-5428DC71C0B7}.Debug|iPhoneSimulator.Build.0 = Debug|Any CPU
		{320C890D-E198-42BE-94CA-5428DC71C0B7}.Debug|iPhoneSimulator.Deploy.0 = Debug|Any CPU
		{320C890D-E198-42BE-94CA-5428DC71C0B7}.Debug|x64.ActiveCfg = Debug|Any CPU
		{320C890D-E198-42BE-94CA-5428DC71C0B7}.Debug|x64.Build.0 = Debug|Any CPU
		{320C890D-E198-42BE-94CA-5428DC71C0B7}.Debug|x64.Deploy.0 = Debug|Any CPU
		{320C890D-E198-42BE-94CA-5428DC71C0B7}.Debug|x86.ActiveCfg = Debug|Any CPU
		{320C890D-E198-42BE-94CA-5428DC71C0B7}.Debug|x86.Build.0 = Debug|Any CPU
		{320C890D-E198-42BE-94CA-5428DC71C0B7}.Debug|x86.Deploy.0 = Debug|Any CPU
		{320C890D-E198-42BE-94CA-5428DC71C0B7}.Release|Any CPU.ActiveCfg = Release|Any CPU
		{320C890D-E198-42BE-94CA-5428DC71C0B7}.Release|Any CPU.Build.0 = Release|Any CPU
		{320C890D-E198-42BE-94CA-5428DC71C0B7}.Release|Any CPU.Deploy.0 = Release|Any CPU
		{320C890D-E198-42BE-94CA-5428DC71C0B7}.Release|ARM.ActiveCfg = Release|Any CPU
		{320C890D-E198-42BE-94CA-5428DC71C0B7}.Release|ARM.Build.0 = Release|Any CPU
		{320C890D-E198-42BE-94CA-5428DC71C0B7}.Release|ARM.Deploy.0 = Release|Any CPU
		{320C890D-E198-42BE-94CA-5428DC71C0B7}.Release|iPhone.ActiveCfg = Release|Any CPU
		{320C890D-E198-42BE-94CA-5428DC71C0B7}.Release|iPhone.Build.0 = Release|Any CPU
		{320C890D-E198-42BE-94CA-5428DC71C0B7}.Release|iPhone.Deploy.0 = Release|Any CPU
		{320C890D-E198-42BE-94CA-5428DC71C0B7}.Release|iPhoneSimulator.ActiveCfg = Release|Any CPU
		{320C890D-E198-42BE-94CA-5428DC71C0B7}.Release|iPhoneSimulator.Build.0 = Release|Any CPU
		{320C890D-E198-42BE-94CA-5428DC71C0B7}.Release|iPhoneSimulator.Deploy.0 = Release|Any CPU
		{320C890D-E198-42BE-94CA-5428DC71C0B7}.Release|x64.ActiveCfg = Release|Any CPU
		{320C890D-E198-42BE-94CA-5428DC71C0B7}.Release|x64.Build.0 = Release|Any CPU
		{320C890D-E198-42BE-94CA-5428DC71C0B7}.Release|x64.Deploy.0 = Release|Any CPU
		{320C890D-E198-42BE-94CA-5428DC71C0B7}.Release|x86.ActiveCfg = Release|Any CPU
		{320C890D-E198-42BE-94CA-5428DC71C0B7}.Release|x86.Build.0 = Release|Any CPU
		{320C890D-E198-42BE-94CA-5428DC71C0B7}.Release|x86.Deploy.0 = Release|Any CPU
	EndGlobalSection
	GlobalSection(SolutionProperties) = preSolution
		HideSolutionNode = FALSE
	EndGlobalSection
	GlobalSection(ExtensibilityGlobals) = postSolution
		SolutionGuid = {9D51782F-FDCE-4E84-8605-6227B1053FE0}
	EndGlobalSection
EndGlobal
