
Microsoft Visual Studio Solution File, Format Version 12.00
# Visual Studio Version 16
VisualStudioVersion = 16.0.31112.23
MinimumVisualStudioVersion = 10.0.40219.1
Project("{FAE04EC0-301F-11D3-BF4B-00C04F79EFBC}") = "Ledger.UWP", "Ledger\Ledger.UWP\Ledger.UWP.csproj", "{D8022256-2341-46C7-AA72-DF2E883EEB45}"
EndProject
Project("{FAE04EC0-301F-11D3-BF4B-00C04F79EFBC}") = "Ledger.Android", "Ledger\Ledger.Android\Ledger.Android.csproj", "{2FDD5E19-62F0-487B-B708-725AC801A08F}"
EndProject
Project("{FAE04EC0-301F-11D3-BF4B-00C04F79EFBC}") = "Ledger.iOS", "Ledger\Ledger.iOS\Ledger.iOS.csproj", "{6A4C4E1C-DEC6-4924-9AF2-D30A98897B45}"
EndProject
Project("{FAE04EC0-301F-11D3-BF4B-00C04F79EFBC}") = "Ledger", "Ledger\Ledger\Ledger.csproj", "{8B0322F8-316B-451A-869F-40EF00FF6CE6}"
EndProject
Global
	GlobalSection(SolutionConfigurationPlatforms) = preSolution
		Debug|Any CPU = Debug|Any CPU
		Debug|ARM = Debug|ARM
		Debug|iPhone = Debug|iPhone
		Debug|iPhoneSimulator = Debug|iPhoneSimulator
		Debug|x64 = Debug|x64
		Debug|x86 = Debug|x86
		Release|Any CPU = Release|Any CPU
		Release|ARM = Release|ARM
		Release|iPhone = Release|iPhone
		Release|iPhoneSimulator = Release|iPhoneSimulator
		Release|x64 = Release|x64
		Release|x86 = Release|x86
	EndGlobalSection
	GlobalSection(ProjectConfigurationPlatforms) = postSolution
		{D8022256-2341-46C7-AA72-DF2E883EEB45}.Debug|Any CPU.ActiveCfg = Debug|x86
		{D8022256-2341-46C7-AA72-DF2E883EEB45}.Debug|Any CPU.Build.0 = Debug|x86
		{D8022256-2341-46C7-AA72-DF2E883EEB45}.Debug|Any CPU.Deploy.0 = Debug|x86
		{D8022256-2341-46C7-AA72-DF2E883EEB45}.Debug|ARM.ActiveCfg = Debug|ARM
		{D8022256-2341-46C7-AA72-DF2E883EEB45}.Debug|ARM.Build.0 = Debug|ARM
		{D8022256-2341-46C7-AA72-DF2E883EEB45}.Debug|ARM.Deploy.0 = Debug|ARM
		{D8022256-2341-46C7-AA72-DF2E883EEB45}.Debug|iPhone.ActiveCfg = Debug|x86
		{D8022256-2341-46C7-AA72-DF2E883EEB45}.Debug|iPhone.Build.0 = Debug|x86
		{D8022256-2341-46C7-AA72-DF2E883EEB45}.Debug|iPhone.Deploy.0 = Debug|x86
		{D8022256-2341-46C7-AA72-DF2E883EEB45}.Debug|iPhoneSimulator.ActiveCfg = Debug|x86
		{D8022256-2341-46C7-AA72-DF2E883EEB45}.Debug|iPhoneSimulator.Build.0 = Debug|x86
		{D8022256-2341-46C7-AA72-DF2E883EEB45}.Debug|iPhoneSimulator.Deploy.0 = Debug|x86
		{D8022256-2341-46C7-AA72-DF2E883EEB45}.Debug|x64.ActiveCfg = Debug|x64
		{D8022256-2341-46C7-AA72-DF2E883EEB45}.Debug|x64.Build.0 = Debug|x64
		{D8022256-2341-46C7-AA72-DF2E883EEB45}.Debug|x64.Deploy.0 = Debug|x64
		{D8022256-2341-46C7-AA72-DF2E883EEB45}.Debug|x86.ActiveCfg = Debug|x86
		{D8022256-2341-46C7-AA72-DF2E883EEB45}.Debug|x86.Build.0 = Debug|x86
		{D8022256-2341-46C7-AA72-DF2E883EEB45}.Debug|x86.Deploy.0 = Debug|x86
		{D8022256-2341-46C7-AA72-DF2E883EEB45}.Release|Any CPU.ActiveCfg = Release|x86
		{D8022256-2341-46C7-AA72-DF2E883EEB45}.Release|Any CPU.Build.0 = Release|x86
		{D8022256-2341-46C7-AA72-DF2E883EEB45}.Release|Any CPU.Deploy.0 = Release|x86
		{D8022256-2341-46C7-AA72-DF2E883EEB45}.Release|ARM.ActiveCfg = Release|ARM
		{D8022256-2341-46C7-AA72-DF2E883EEB45}.Release|ARM.Build.0 = Release|ARM
		{D8022256-2341-46C7-AA72-DF2E883EEB45}.Release|ARM.Deploy.0 = Release|ARM
		{D8022256-2341-46C7-AA72-DF2E883EEB45}.Release|iPhone.ActiveCfg = Release|x86
		{D8022256-2341-46C7-AA72-DF2E883EEB45}.Release|iPhone.Build.0 = Release|x86
		{D8022256-2341-46C7-AA72-DF2E883EEB45}.Release|iPhone.Deploy.0 = Release|x86
		{D8022256-2341-46C7-AA72-DF2E883EEB45}.Release|iPhoneSimulator.ActiveCfg = Release|x86
		{D8022256-2341-46C7-AA72-DF2E883EEB45}.Release|iPhoneSimulator.Build.0 = Release|x86
		{D8022256-2341-46C7-AA72-DF2E883EEB45}.Release|iPhoneSimulator.Deploy.0 = Release|x86
		{D8022256-2341-46C7-AA72-DF2E883EEB45}.Release|x64.ActiveCfg = Release|x64
		{D8022256-2341-46C7-AA72-DF2E883EEB45}.Release|x64.Build.0 = Release|x64
		{D8022256-2341-46C7-AA72-DF2E883EEB45}.Release|x64.Deploy.0 = Release|x64
		{D8022256-2341-46C7-AA72-DF2E883EEB45}.Release|x86.ActiveCfg = Release|x86
		{D8022256-2341-46C7-AA72-DF2E883EEB45}.Release|x86.Build.0 = Release|x86
		{D8022256-2341-46C7-AA72-DF2E883EEB45}.Release|x86.Deploy.0 = Release|x86
		{2FDD5E19-62F0-487B-B708-725AC801A08F}.Debug|Any CPU.ActiveCfg = Debug|Any CPU
		{2FDD5E19-62F0-487B-B708-725AC801A08F}.Debug|Any CPU.Build.0 = Debug|Any CPU
		{2FDD5E19-62F0-487B-B708-725AC801A08F}.Debug|Any CPU.Deploy.0 = Debug|Any CPU
		{2FDD5E19-62F0-487B-B708-725AC801A08F}.Debug|ARM.ActiveCfg = Debug|Any CPU
		{2FDD5E19-62F0-487B-B708-725AC801A08F}.Debug|ARM.Build.0 = Debug|Any CPU
		{2FDD5E19-62F0-487B-B708-725AC801A08F}.Debug|ARM.Deploy.0 = Debug|Any CPU
		{2FDD5E19-62F0-487B-B708-725AC801A08F}.Debug|iPhone.ActiveCfg = Debug|Any CPU
		{2FDD5E19-62F0-487B-B708-725AC801A08F}.Debug|iPhone.Build.0 = Debug|Any CPU
		{2FDD5E19-62F0-487B-B708-725AC801A08F}.Debug|iPhone.Deploy.0 = Debug|Any CPU
		{2FDD5E19-62F0-487B-B708-725AC801A08F}.Debug|iPhoneSimulator.ActiveCfg = Debug|Any CPU
		{2FDD5E19-62F0-487B-B708-725AC801A08F}.Debug|iPhoneSimulator.Build.0 = Debug|Any CPU
		{2FDD5E19-62F0-487B-B708-725AC801A08F}.Debug|iPhoneSimulator.Deploy.0 = Debug|Any CPU
		{2FDD5E19-62F0-487B-B708-725AC801A08F}.Debug|x64.ActiveCfg = Debug|Any CPU
		{2FDD5E19-62F0-487B-B708-725AC801A08F}.Debug|x64.Build.0 = Debug|Any CPU
		{2FDD5E19-62F0-487B-B708-725AC801A08F}.Debug|x64.Deploy.0 = Debug|Any CPU
		{2FDD5E19-62F0-487B-B708-725AC801A08F}.Debug|x86.ActiveCfg = Debug|Any CPU
		{2FDD5E19-62F0-487B-B708-725AC801A08F}.Debug|x86.Build.0 = Debug|Any CPU
		{2FDD5E19-62F0-487B-B708-725AC801A08F}.Debug|x86.Deploy.0 = Debug|Any CPU
		{2FDD5E19-62F0-487B-B708-725AC801A08F}.Release|Any CPU.ActiveCfg = Release|Any CPU
		{2FDD5E19-62F0-487B-B708-725AC801A08F}.Release|Any CPU.Build.0 = Release|Any CPU
		{2FDD5E19-62F0-487B-B708-725AC801A08F}.Release|Any CPU.Deploy.0 = Release|Any CPU
		{2FDD5E19-62F0-487B-B708-725AC801A08F}.Release|ARM.ActiveCfg = Release|Any CPU
		{2FDD5E19-62F0-487B-B708-725AC801A08F}.Release|ARM.Build.0 = Release|Any CPU
		{2FDD5E19-62F0-487B-B708-725AC801A08F}.Release|ARM.Deploy.0 = Release|Any CPU
		{2FDD5E19-62F0-487B-B708-725AC801A08F}.Release|iPhone.ActiveCfg = Release|Any CPU
		{2FDD5E19-62F0-487B-B708-725AC801A08F}.Release|iPhone.Build.0 = Release|Any CPU
		{2FDD5E19-62F0-487B-B708-725AC801A08F}.Release|iPhone.Deploy.0 = Release|Any CPU
		{2FDD5E19-62F0-487B-B708-725AC801A08F}.Release|iPhoneSimulator.ActiveCfg = Release|Any CPU
		{2FDD5E19-62F0-487B-B708-725AC801A08F}.Release|iPhoneSimulator.Build.0 = Release|Any CPU
		{2FDD5E19-62F0-487B-B708-725AC801A08F}.Release|iPhoneSimulator.Deploy.0 = Release|Any CPU
		{2FDD5E19-62F0-487B-B708-725AC801A08F}.Release|x64.ActiveCfg = Release|Any CPU
		{2FDD5E19-62F0-487B-B708-725AC801A08F}.Release|x64.Build.0 = Release|Any CPU
		{2FDD5E19-62F0-487B-B708-725AC801A08F}.Release|x64.Deploy.0 = Release|Any CPU
		{2FDD5E19-62F0-487B-B708-725AC801A08F}.Release|x86.ActiveCfg = Release|Any CPU
		{2FDD5E19-62F0-487B-B708-725AC801A08F}.Release|x86.Build.0 = Release|Any CPU
		{2FDD5E19-62F0-487B-B708-725AC801A08F}.Release|x86.Deploy.0 = Release|Any CPU
		{6A4C4E1C-DEC6-4924-9AF2-D30A98897B45}.Debug|Any CPU.ActiveCfg = Debug|iPhoneSimulator
		{6A4C4E1C-DEC6-4924-9AF2-D30A98897B45}.Debug|Any CPU.Build.0 = Debug|iPhoneSimulator
		{6A4C4E1C-DEC6-4924-9AF2-D30A98897B45}.Debug|Any CPU.Deploy.0 = Debug|iPhoneSimulator
		{6A4C4E1C-DEC6-4924-9AF2-D30A98897B45}.Debug|ARM.ActiveCfg = Debug|iPhone
		{6A4C4E1C-DEC6-4924-9AF2-D30A98897B45}.Debug|ARM.Build.0 = Debug|iPhone
		{6A4C4E1C-DEC6-4924-9AF2-D30A98897B45}.Debug|ARM.Deploy.0 = Debug|iPhone
		{6A4C4E1C-DEC6-4924-9AF2-D30A98897B45}.Debug|iPhone.ActiveCfg = Debug|iPhone
		{6A4C4E1C-DEC6-4924-9AF2-D30A98897B45}.Debug|iPhone.Build.0 = Debug|iPhone
		{6A4C4E1C-DEC6-4924-9AF2-D30A98897B45}.Debug|iPhone.Deploy.0 = Debug|iPhone
		{6A4C4E1C-DEC6-4924-9AF2-D30A98897B45}.Debug|iPhoneSimulator.ActiveCfg = Debug|iPhoneSimulator
		{6A4C4E1C-DEC6-4924-9AF2-D30A98897B45}.Debug|iPhoneSimulator.Build.0 = Debug|iPhoneSimulator
		{6A4C4E1C-DEC6-4924-9AF2-D30A98897B45}.Debug|iPhoneSimulator.Deploy.0 = Debug|iPhoneSimulator
		{6A4C4E1C-DEC6-4924-9AF2-D30A98897B45}.Debug|x64.ActiveCfg = Debug|iPhoneSimulator
		{6A4C4E1C-DEC6-4924-9AF2-D30A98897B45}.Debug|x64.Build.0 = Debug|iPhoneSimulator
		{6A4C4E1C-DEC6-4924-9AF2-D30A98897B45}.Debug|x64.Deploy.0 = Debug|iPhoneSimulator
		{6A4C4E1C-DEC6-4924-9AF2-D30A98897B45}.Debug|x86.ActiveCfg = Debug|iPhoneSimulator
		{6A4C4E1C-DEC6-4924-9AF2-D30A98897B45}.Debug|x86.Build.0 = Debug|iPhoneSimulator
		{6A4C4E1C-DEC6-4924-9AF2-D30A98897B45}.Debug|x86.Deploy.0 = Debug|iPhoneSimulator
		{6A4C4E1C-DEC6-4924-9AF2-D30A98897B45}.Release|Any CPU.ActiveCfg = Release|iPhoneSimulator
		{6A4C4E1C-DEC6-4924-9AF2-D30A98897B45}.Release|Any CPU.Build.0 = Release|iPhoneSimulator
		{6A4C4E1C-DEC6-4924-9AF2-D30A98897B45}.Release|Any CPU.Deploy.0 = Release|iPhoneSimulator
		{6A4C4E1C-DEC6-4924-9AF2-D30A98897B45}.Release|ARM.ActiveCfg = Release|iPhoneSimulator
		{6A4C4E1C-DEC6-4924-9AF2-D30A98897B45}.Release|ARM.Build.0 = Release|iPhoneSimulator
		{6A4C4E1C-DEC6-4924-9AF2-D30A98897B45}.Release|ARM.Deploy.0 = Release|iPhoneSimulator
		{6A4C4E1C-DEC6-4924-9AF2-D30A98897B45}.Release|iPhone.ActiveCfg = Release|iPhone
		{6A4C4E1C-DEC6-4924-9AF2-D30A98897B45}.Release|iPhone.Build.0 = Release|iPhone
		{6A4C4E1C-DEC6-4924-9AF2-D30A98897B45}.Release|iPhone.Deploy.0 = Release|iPhone
		{6A4C4E1C-DEC6-4924-9AF2-D30A98897B45}.Release|iPhoneSimulator.ActiveCfg = Release|iPhoneSimulator
		{6A4C4E1C-DEC6-4924-9AF2-D30A98897B45}.Release|iPhoneSimulator.Build.0 = Release|iPhoneSimulator
		{6A4C4E1C-DEC6-4924-9AF2-D30A98897B45}.Release|iPhoneSimulator.Deploy.0 = Release|iPhoneSimulator
		{6A4C4E1C-DEC6-4924-9AF2-D30A98897B45}.Release|x64.ActiveCfg = Release|iPhoneSimulator
		{6A4C4E1C-DEC6-4924-9AF2-D30A98897B45}.Release|x64.Build.0 = Release|iPhoneSimulator
		{6A4C4E1C-DEC6-4924-9AF2-D30A98897B45}.Release|x64.Deploy.0 = Release|iPhoneSimulator
		{6A4C4E1C-DEC6-4924-9AF2-D30A98897B45}.Release|x86.ActiveCfg = Release|iPhoneSimulator
		{6A4C4E1C-DEC6-4924-9AF2-D30A98897B45}.Release|x86.Build.0 = Release|iPhoneSimulator
		{6A4C4E1C-DEC6-4924-9AF2-D30A98897B45}.Release|x86.Deploy.0 = Release|iPhoneSimulator
		{8B0322F8-316B-451A-869F-40EF00FF6CE6}.Debug|Any CPU.ActiveCfg = Debug|Any CPU
		{8B0322F8-316B-451A-869F-40EF00FF6CE6}.Debug|Any CPU.Build.0 = Debug|Any CPU
		{8B0322F8-316B-451A-869F-40EF00FF6CE6}.Debug|Any CPU.Deploy.0 = Debug|Any CPU
		{8B0322F8-316B-451A-869F-40EF00FF6CE6}.Debug|ARM.ActiveCfg = Debug|Any CPU
		{8B0322F8-316B-451A-869F-40EF00FF6CE6}.Debug|ARM.Build.0 = Debug|Any CPU
		{8B0322F8-316B-451A-869F-40EF00FF6CE6}.Debug|ARM.Deploy.0 = Debug|Any CPU
		{8B0322F8-316B-451A-869F-40EF00FF6CE6}.Debug|iPhone.ActiveCfg = Debug|Any CPU
		{8B0322F8-316B-451A-869F-40EF00FF6CE6}.Debug|iPhone.Build.0 = Debug|Any CPU
		{8B0322F8-316B-451A-869F-40EF00FF6CE6}.Debug|iPhone.Deploy.0 = Debug|Any CPU
		{8B0322F8-316B-451A-869F-40EF00FF6CE6}.Debug|iPhoneSimulator.ActiveCfg = Debug|Any CPU
		{8B0322F8-316B-451A-869F-40EF00FF6CE6}.Debug|iPhoneSimulator.Build.0 = Debug|Any CPU
		{8B0322F8-316B-451A-869F-40EF00FF6CE6}.Debug|iPhoneSimulator.Deploy.0 = Debug|Any CPU
		{8B0322F8-316B-451A-869F-40EF00FF6CE6}.Debug|x64.ActiveCfg = Debug|Any CPU
		{8B0322F8-316B-451A-869F-40EF00FF6CE6}.Debug|x64.Build.0 = Debug|Any CPU
		{8B0322F8-316B-451A-869F-40EF00FF6CE6}.Debug|x64.Deploy.0 = Debug|Any CPU
		{8B0322F8-316B-451A-869F-40EF00FF6CE6}.Debug|x86.ActiveCfg = Debug|Any CPU
		{8B0322F8-316B-451A-869F-40EF00FF6CE6}.Debug|x86.Build.0 = Debug|Any CPU
		{8B0322F8-316B-451A-869F-40EF00FF6CE6}.Debug|x86.Deploy.0 = Debug|Any CPU
		{8B0322F8-316B-451A-869F-40EF00FF6CE6}.Release|Any CPU.ActiveCfg = Release|Any CPU
		{8B0322F8-316B-451A-869F-40EF00FF6CE6}.Release|Any CPU.Build.0 = Release|Any CPU
		{8B0322F8-316B-451A-869F-40EF00FF6CE6}.Release|Any CPU.Deploy.0 = Release|Any CPU
		{8B0322F8-316B-451A-869F-40EF00FF6CE6}.Release|ARM.ActiveCfg = Release|Any CPU
		{8B0322F8-316B-451A-869F-40EF00FF6CE6}.Release|ARM.Build.0 = Release|Any CPU
		{8B0322F8-316B-451A-869F-40EF00FF6CE6}.Release|ARM.Deploy.0 = Release|Any CPU
		{8B0322F8-316B-451A-869F-40EF00FF6CE6}.Release|iPhone.ActiveCfg = Release|Any CPU
		{8B0322F8-316B-451A-869F-40EF00FF6CE6}.Release|iPhone.Build.0 = Release|Any CPU
		{8B0322F8-316B-451A-869F-40EF00FF6CE6}.Release|iPhone.Deploy.0 = Release|Any CPU
		{8B0322F8-316B-451A-869F-40EF00FF6CE6}.Release|iPhoneSimulator.ActiveCfg = Release|Any CPU
		{8B0322F8-316B-451A-869F-40EF00FF6CE6}.Release|iPhoneSimulator.Build.0 = Release|Any CPU
		{8B0322F8-316B-451A-869F-40EF00FF6CE6}.Release|iPhoneSimulator.Deploy.0 = Release|Any CPU
		{8B0322F8-316B-451A-869F-40EF00FF6CE6}.Release|x64.ActiveCfg = Release|Any CPU
		{8B0322F8-316B-451A-869F-40EF00FF6CE6}.Release|x64.Build.0 = Release|Any CPU
		{8B0322F8-316B-451A-869F-40EF00FF6CE6}.Release|x64.Deploy.0 = Release|Any CPU
		{8B0322F8-316B-451A-869F-40EF00FF6CE6}.Release|x86.ActiveCfg = Release|Any CPU
		{8B0322F8-316B-451A-869F-40EF00FF6CE6}.Release|x86.Build.0 = Release|Any CPU
		{8B0322F8-316B-451A-869F-40EF00FF6CE6}.Release|x86.Deploy.0 = Release|Any CPU
	EndGlobalSection
	GlobalSection(SolutionProperties) = preSolution
		HideSolutionNode = FALSE
	EndGlobalSection
	GlobalSection(ExtensibilityGlobals) = postSolution
		SolutionGuid = {5FE21DC1-130F-4104-B92F-8BCC487AE0F9}
	EndGlobalSection
EndGlobal
